{
  "lockfileVersion": 1,
  "configVersion": 0,
  "workspaces": {
    "": {
      "dependencies": {
        "@opencode-ai/plugin": "1.1.52",
      },
    },
  },
  "packages": {
    "@opencode-ai/plugin": ["@opencode-ai/plugin@1.1.52", "", { "dependencies": { "@opencode-ai/sdk": "1.1.52", "zod": "4.1.8" } }, "sha512-xmh4aKLgcUDcVdtTKdUXtX1ts8RngLLbwcIMUDEc/fOq0Y+3Dh52iMc13Daj/AhkR9j5Zs/+QIZnAo49QMSPgg=="],

    "@opencode-ai/sdk": ["@opencode-ai/sdk@1.1.52", "", {}, "sha512-WtyQRGv1xdfMxVXySyKB7NbzmEcR+sqyHwWvndeY3dnxN+kxyezOjVatCB10zxznE9dz3qWIMwemVB0FwiXo/A=="],

    "zod": ["zod@4.1.8", "", {}, "sha512-5R1P+WwQqmmMIEACyzSvo4JXHY5WiAFHRMg+zBZKgKS+Q1viRa0C1hmUKtHltoIFKtIdki3pRxkmpP74jnNYHQ=="],
  }
}
